
Microsoft Visual Studio Solution File, Format Version 12.00
# Visual Studio Version 16
VisualStudioVersion = 16.0.29728.190
MinimumVisualStudioVersion = 10.0.40219.1
Project("{FAE04EC0-301F-11D3-BF4B-00C04F79EFBC}") = "MathsProgression", "MathsProgression\MathsProgression.csproj", "{7127813C-88F3-4F82-88DA-84EFE3D26E37}"
EndProject
Project("{FAE04EC0-301F-11D3-BF4B-00C04F79EFBC}") = "MathsProgression.Tests", "MathsProgression.Tests\MathsProgression.Tests.csproj", "{4F540797-7E46-4911-96BC-A8F020C8A683}"
EndProject
Global
	GlobalSection(SolutionConfigurationPlatforms) = preSolution
		Debug|Any CPU = Debug|Any CPU
		Release|Any CPU = Release|Any CPU
	EndGlobalSection
	GlobalSection(ProjectConfigurationPlatforms) = postSolution
		{7127813C-88F3-4F82-88DA-84EFE3D26E37}.Debug|Any CPU.ActiveCfg = Debug|Any CPU
		{7127813C-88F3-4F82-88DA-84EFE3D26E37}.Debug|Any CPU.Build.0 = Debug|Any CPU
		{7127813C-88F3-4F82-88DA-84EFE3D26E37}.Release|Any CPU.ActiveCfg = Release|Any CPU
		{7127813C-88F3-4F82-88DA-84EFE3D26E37}.Release|Any CPU.Build.0 = Release|Any CPU
		{4F540797-7E46-4911-96BC-A8F020C8A683}.Debug|Any CPU.ActiveCfg = Debug|Any CPU
		{4F540797-7E46-4911-96BC-A8F020C8A683}.Debug|Any CPU.Build.0 = Debug|Any CPU
		{4F540797-7E46-4911-96BC-A8F020C8A683}.Release|Any CPU.ActiveCfg = Release|Any CPU
		{4F540797-7E46-4911-96BC-A8F020C8A683}.Release|Any CPU.Build.0 = Release|Any CPU
	EndGlobalSection
	GlobalSection(SolutionProperties) = preSolution
		HideSolutionNode = FALSE
	EndGlobalSection
	GlobalSection(ExtensibilityGlobals) = postSolution
		SolutionGuid = {F8F10312-3069-4A63-9CF8-170896147A61}
	EndGlobalSection
EndGlobal
